
Microsoft Visual Studio Solution File, Format Version 12.00
# Visual Studio Version 17
VisualStudioVersion = 17.9.34728.123
MinimumVisualStudioVersion = 10.0.40219.1
Project("{FAE04EC0-301F-11D3-BF4B-00C04F79EFBC}") = "Module02Exercise01", "Module02Exercise01.csproj", "{E26A76A8-74A4-4D32-ABCA-2B914796A41A}"
EndProject
Global
	GlobalSection(SolutionConfigurationPlatforms) = preSolution
		Debug|Any CPU = Debug|Any CPU
		Release|Any CPU = Release|Any CPU
	EndGlobalSection
	GlobalSection(ProjectConfigurationPlatforms) = postSolution
		{E26A76A8-74A4-4D32-ABCA-2B914796A41A}.Debug|Any CPU.ActiveCfg = Debug|Any CPU
		{E26A76A8-74A4-4D32-ABCA-2B914796A41A}.Debug|Any CPU.Build.0 = Debug|Any CPU
		{E26A76A8-74A4-4D32-ABCA-2B914796A41A}.Debug|Any CPU.Deploy.0 = Debug|Any CPU
		{E26A76A8-74A4-4D32-ABCA-2B914796A41A}.Release|Any CPU.ActiveCfg = Release|Any CPU
		{E26A76A8-74A4-4D32-ABCA-2B914796A41A}.Release|Any CPU.Build.0 = Release|Any CPU
		{E26A76A8-74A4-4D32-ABCA-2B914796A41A}.Release|Any CPU.Deploy.0 = Release|Any CPU
	EndGlobalSection
	GlobalSection(SolutionProperties) = preSolution
		HideSolutionNode = FALSE
	EndGlobalSection
	GlobalSection(ExtensibilityGlobals) = postSolution
		SolutionGuid = {FBDDA201-B578-4B7C-9E13-62E9138F17BA}
	EndGlobalSection
EndGlobal
